<Solution>
  <Configurations>
    <Platform Name="x64" />
  </Configurations>
  <Project Path="APIMetadataC/APIMetadataC.csproj" Id="ac6a48cb-cfd3-4f07-8c52-11c218e6d3a1" />
  <Project Path="APIMetadataP/APIMetadataP.csproj" Id="0484da90-a538-44f9-890b-987d82a694a8" />
  <Project Path="WebGPUUsageTestApp/WebGPUUsageTestApp.csproj" Id="4a7005b6-b28f-4c19-a533-897e67c5727a">
    <Platform Project="x64" />
  </Project>
  <Project Path="WebGPUWinRT.Projection/WebGPUWinRT.Projection.csproj" Id="ece60293-d3fb-40d2-943e-897e3ea675cd">
    <Platform Solution="Debug|*" Project="x64" />
  </Project>
  <Project Path="WebGPUWinRT/WebGPUWinRT.vcxproj" Id="b683e238-d6f0-46f8-9426-282cce78e534" />
  <Project Path="WebGPUWinRTTests/WebGPUWinRTTests.csproj" Id="b4c00e48-8499-4203-b87e-65bc82297fe4" />

</Solution>
